// !$*UTF8*$!
{
	archiveVersion = 1;
	classes = {
	};
	objectVersion = 55;
	objects = {

/* Begin PBXBuildFile section */
		1F376FC928D9ED8700183145 /* StringExtension.swift in Sources */ = {isa = PBXBuildFile; fileRef = 1F376FC828D9ED8700183145 /* StringExtension.swift */; };
		1F376FCB28DA119A00183145 /* UIImageViewExtension.swift in Sources */ = {isa = PBXBuildFile; fileRef = 1F376FCA28DA119A00183145 /* UIImageViewExtension.swift */; };
		1F376FCD28DA50CA00183145 /* multiget.swift in Sources */ = {isa = PBXBuildFile; fileRef = 1F376FCC28DA50CA00183145 /* multiget.swift */; };
		1F376FD028DAA67600183145 /* SearchViewModel.swift in Sources */ = {isa = PBXBuildFile; fileRef = 1F376FCF28DAA67600183145 /* SearchViewModel.swift */; };
		1F8A35D128D4A94700D4B488 /* Product.swift in Sources */ = {isa = PBXBuildFile; fileRef = 1F8A35D028D4A94700D4B488 /* Product.swift */; };
		1F8A35D528D4C01D00D4B488 /* ProductTableViewCell.swift in Sources */ = {isa = PBXBuildFile; fileRef = 1F8A35D428D4C01D00D4B488 /* ProductTableViewCell.swift */; };
		1FAE14D628CF9B340046933F /* AppDelegate.swift in Sources */ = {isa = PBXBuildFile; fileRef = 1FAE14D528CF9B340046933F /* AppDelegate.swift */; };
		1FAE14D828CF9B340046933F /* SceneDelegate.swift in Sources */ = {isa = PBXBuildFile; fileRef = 1FAE14D728CF9B340046933F /* SceneDelegate.swift */; };
		1FAE14DA28CF9B340046933F /* ViewController.swift in Sources */ = {isa = PBXBuildFile; fileRef = 1FAE14D928CF9B340046933F /* ViewController.swift */; };
		1FAE14DF28CF9B350046933F /* Assets.xcassets in Resources */ = {isa = PBXBuildFile; fileRef = 1FAE14DE28CF9B350046933F /* Assets.xcassets */; };
		1FAE14E228CF9B350046933F /* LaunchScreen.storyboard in Resources */ = {isa = PBXBuildFile; fileRef = 1FAE14E028CF9B350046933F /* LaunchScreen.storyboard */; };
		1FAE14ED28CF9B350046933F /* Challenge_Job_ReadinessTests.swift in Sources */ = {isa = PBXBuildFile; fileRef = 1FAE14EC28CF9B350046933F /* Challenge_Job_ReadinessTests.swift */; };
		1FAE14F728CF9B350046933F /* Challenge_Job_ReadinessUITests.swift in Sources */ = {isa = PBXBuildFile; fileRef = 1FAE14F628CF9B350046933F /* Challenge_Job_ReadinessUITests.swift */; };
		1FAE14F928CF9B350046933F /* Challenge_Job_ReadinessUITestsLaunchTests.swift in Sources */ = {isa = PBXBuildFile; fileRef = 1FAE14F828CF9B350046933F /* Challenge_Job_ReadinessUITestsLaunchTests.swift */; };
		1FBB245B28D0ED8B008AEA1D /* UIColorExtension.swift in Sources */ = {isa = PBXBuildFile; fileRef = 1FBB245A28D0ED8B008AEA1D /* UIColorExtension.swift */; };
		1FBB245D28D101E6008AEA1D /* oauthToken.swift in Sources */ = {isa = PBXBuildFile; fileRef = 1FBB245C28D101E6008AEA1D /* oauthToken.swift */; };
		1FBB245F28D10962008AEA1D /* domain_dicovery.swift in Sources */ = {isa = PBXBuildFile; fileRef = 1FBB245E28D10962008AEA1D /* domain_dicovery.swift */; };
		1FBB246128D1171F008AEA1D /* category.swift in Sources */ = {isa = PBXBuildFile; fileRef = 1FBB246028D1171F008AEA1D /* category.swift */; };
		1FC6179928CFA5760068A0AD /* SearchViewController.swift in Sources */ = {isa = PBXBuildFile; fileRef = 1FC6179828CFA5760068A0AD /* SearchViewController.swift */; };
		1FC6179D28CFB0330068A0AD /* SearchService.swift in Sources */ = {isa = PBXBuildFile; fileRef = 1FC6179C28CFB0330068A0AD /* SearchService.swift */; };
		1FC6179F28CFBE570068A0AD /* RestClient.swift in Sources */ = {isa = PBXBuildFile; fileRef = 1FC6179E28CFBE570068A0AD /* RestClient.swift */; };
		31800E12151203A57F16C5D1 /* Pods_Challenge_Job_ReadinessTests.framework in Frameworks */ = {isa = PBXBuildFile; fileRef = 46F7A579A3F3B3F376A3F51E /* Pods_Challenge_Job_ReadinessTests.framework */; };
		5D810AD3F0115A9FCEEAD1F1 /* Pods_Challenge_Job_Readiness_Challenge_Job_ReadinessUITests.framework in Frameworks */ = {isa = PBXBuildFile; fileRef = E06FD73272116C19F269A68F /* Pods_Challenge_Job_Readiness_Challenge_Job_ReadinessUITests.framework */; };
		BCF36A3528570C8E718750CB /* Pods_Challenge_Job_Readiness.framework in Frameworks */ = {isa = PBXBuildFile; fileRef = A77581695DF5F013DE06C7F6 /* Pods_Challenge_Job_Readiness.framework */; };
/* End PBXBuildFile section */

/* Begin PBXContainerItemProxy section */
		1FAE14E928CF9B350046933F /* PBXContainerItemProxy */ = {
			isa = PBXContainerItemProxy;
			containerPortal = 1FAE14CA28CF9B340046933F /* Project object */;
			proxyType = 1;
			remoteGlobalIDString = 1FAE14D128CF9B340046933F;
			remoteInfo = "Challenge-Job-Readiness";
		};
		1FAE14F328CF9B350046933F /* PBXContainerItemProxy */ = {
			isa = PBXContainerItemProxy;
			containerPortal = 1FAE14CA28CF9B340046933F /* Project object */;
			proxyType = 1;
			remoteGlobalIDString = 1FAE14D128CF9B340046933F;
			remoteInfo = "Challenge-Job-Readiness";
		};
/* End PBXContainerItemProxy section */

/* Begin PBXFileReference section */
		1638D70E89CF3E2231A23565 /* Pods-Challenge-Job-Readiness-Challenge-Job-ReadinessUITests.release.xcconfig */ = {isa = PBXFileReference; includeInIndex = 1; lastKnownFileType = text.xcconfig; name = "Pods-Challenge-Job-Readiness-Challenge-Job-ReadinessUITests.release.xcconfig"; path = "Target Support Files/Pods-Challenge-Job-Readiness-Challenge-Job-ReadinessUITests/Pods-Challenge-Job-Readiness-Challenge-Job-ReadinessUITests.release.xcconfig"; sourceTree = "<group>"; };
		1F376FC828D9ED8700183145 /* StringExtension.swift */ = {isa = PBXFileReference; lastKnownFileType = sourcecode.swift; path = StringExtension.swift; sourceTree = "<group>"; };
		1F376FCA28DA119A00183145 /* UIImageViewExtension.swift */ = {isa = PBXFileReference; lastKnownFileType = sourcecode.swift; path = UIImageViewExtension.swift; sourceTree = "<group>"; };
		1F376FCC28DA50CA00183145 /* multiget.swift */ = {isa = PBXFileReference; lastKnownFileType = sourcecode.swift; path = multiget.swift; sourceTree = "<group>"; };
		1F376FCF28DAA67600183145 /* SearchViewModel.swift */ = {isa = PBXFileReference; lastKnownFileType = sourcecode.swift; path = SearchViewModel.swift; sourceTree = "<group>"; };
		1F8A35D028D4A94700D4B488 /* Product.swift */ = {isa = PBXFileReference; lastKnownFileType = sourcecode.swift; path = Product.swift; sourceTree = "<group>"; };
		1F8A35D428D4C01D00D4B488 /* ProductTableViewCell.swift */ = {isa = PBXFileReference; lastKnownFileType = sourcecode.swift; path = ProductTableViewCell.swift; sourceTree = "<group>"; };
		1FAE14D228CF9B340046933F /* Challenge-Job-Readiness.app */ = {isa = PBXFileReference; explicitFileType = wrapper.application; includeInIndex = 0; path = "Challenge-Job-Readiness.app"; sourceTree = BUILT_PRODUCTS_DIR; };
		1FAE14D528CF9B340046933F /* AppDelegate.swift */ = {isa = PBXFileReference; lastKnownFileType = sourcecode.swift; path = AppDelegate.swift; sourceTree = "<group>"; };
		1FAE14D728CF9B340046933F /* SceneDelegate.swift */ = {isa = PBXFileReference; lastKnownFileType = sourcecode.swift; path = SceneDelegate.swift; sourceTree = "<group>"; };
		1FAE14D928CF9B340046933F /* ViewController.swift */ = {isa = PBXFileReference; lastKnownFileType = sourcecode.swift; path = ViewController.swift; sourceTree = "<group>"; };
		1FAE14DE28CF9B350046933F /* Assets.xcassets */ = {isa = PBXFileReference; lastKnownFileType = folder.assetcatalog; path = Assets.xcassets; sourceTree = "<group>"; };
		1FAE14E128CF9B350046933F /* Base */ = {isa = PBXFileReference; lastKnownFileType = file.storyboard; name = Base; path = Base.lproj/LaunchScreen.storyboard; sourceTree = "<group>"; };
		1FAE14E328CF9B350046933F /* Info.plist */ = {isa = PBXFileReference; lastKnownFileType = text.plist.xml; path = Info.plist; sourceTree = "<group>"; };
		1FAE14E828CF9B350046933F /* Challenge-Job-ReadinessTests.xctest */ = {isa = PBXFileReference; explicitFileType = wrapper.cfbundle; includeInIndex = 0; path = "Challenge-Job-ReadinessTests.xctest"; sourceTree = BUILT_PRODUCTS_DIR; };
		1FAE14EC28CF9B350046933F /* Challenge_Job_ReadinessTests.swift */ = {isa = PBXFileReference; lastKnownFileType = sourcecode.swift; path = Challenge_Job_ReadinessTests.swift; sourceTree = "<group>"; };
		1FAE14F228CF9B350046933F /* Challenge-Job-ReadinessUITests.xctest */ = {isa = PBXFileReference; explicitFileType = wrapper.cfbundle; includeInIndex = 0; path = "Challenge-Job-ReadinessUITests.xctest"; sourceTree = BUILT_PRODUCTS_DIR; };
		1FAE14F628CF9B350046933F /* Challenge_Job_ReadinessUITests.swift */ = {isa = PBXFileReference; lastKnownFileType = sourcecode.swift; path = Challenge_Job_ReadinessUITests.swift; sourceTree = "<group>"; };
		1FAE14F828CF9B350046933F /* Challenge_Job_ReadinessUITestsLaunchTests.swift */ = {isa = PBXFileReference; lastKnownFileType = sourcecode.swift; path = Challenge_Job_ReadinessUITestsLaunchTests.swift; sourceTree = "<group>"; };
		1FBB245A28D0ED8B008AEA1D /* UIColorExtension.swift */ = {isa = PBXFileReference; lastKnownFileType = sourcecode.swift; path = UIColorExtension.swift; sourceTree = "<group>"; };
		1FBB245C28D101E6008AEA1D /* oauthToken.swift */ = {isa = PBXFileReference; lastKnownFileType = sourcecode.swift; path = oauthToken.swift; sourceTree = "<group>"; };
		1FBB245E28D10962008AEA1D /* domain_dicovery.swift */ = {isa = PBXFileReference; lastKnownFileType = sourcecode.swift; path = domain_dicovery.swift; sourceTree = "<group>"; };
		1FBB246028D1171F008AEA1D /* category.swift */ = {isa = PBXFileReference; lastKnownFileType = sourcecode.swift; path = category.swift; sourceTree = "<group>"; };
		1FC6179828CFA5760068A0AD /* SearchViewController.swift */ = {isa = PBXFileReference; lastKnownFileType = sourcecode.swift; path = SearchViewController.swift; sourceTree = "<group>"; };
		1FC6179C28CFB0330068A0AD /* SearchService.swift */ = {isa = PBXFileReference; lastKnownFileType = sourcecode.swift; path = SearchService.swift; sourceTree = "<group>"; };
		1FC6179E28CFBE570068A0AD /* RestClient.swift */ = {isa = PBXFileReference; lastKnownFileType = sourcecode.swift; path = RestClient.swift; sourceTree = "<group>"; };
		2F5B5965B4AA4D8EAFA4BC9B /* Pods-Challenge-Job-ReadinessTests.release.xcconfig */ = {isa = PBXFileReference; includeInIndex = 1; lastKnownFileType = text.xcconfig; name = "Pods-Challenge-Job-ReadinessTests.release.xcconfig"; path = "Target Support Files/Pods-Challenge-Job-ReadinessTests/Pods-Challenge-Job-ReadinessTests.release.xcconfig"; sourceTree = "<group>"; };
		46F7A579A3F3B3F376A3F51E /* Pods_Challenge_Job_ReadinessTests.framework */ = {isa = PBXFileReference; explicitFileType = wrapper.framework; includeInIndex = 0; path = Pods_Challenge_Job_ReadinessTests.framework; sourceTree = BUILT_PRODUCTS_DIR; };
		7696677E482AD311FF0BE09E /* Pods-Challenge-Job-Readiness.release.xcconfig */ = {isa = PBXFileReference; includeInIndex = 1; lastKnownFileType = text.xcconfig; name = "Pods-Challenge-Job-Readiness.release.xcconfig"; path = "Target Support Files/Pods-Challenge-Job-Readiness/Pods-Challenge-Job-Readiness.release.xcconfig"; sourceTree = "<group>"; };
		91CE4A2AAB3214918D83637D /* Pods-Challenge-Job-Readiness.debug.xcconfig */ = {isa = PBXFileReference; includeInIndex = 1; lastKnownFileType = text.xcconfig; name = "Pods-Challenge-Job-Readiness.debug.xcconfig"; path = "Target Support Files/Pods-Challenge-Job-Readiness/Pods-Challenge-Job-Readiness.debug.xcconfig"; sourceTree = "<group>"; };
		9A120685AB8EB7FCDAB8517A /* Pods-Challenge-Job-ReadinessTests.debug.xcconfig */ = {isa = PBXFileReference; includeInIndex = 1; lastKnownFileType = text.xcconfig; name = "Pods-Challenge-Job-ReadinessTests.debug.xcconfig"; path = "Target Support Files/Pods-Challenge-Job-ReadinessTests/Pods-Challenge-Job-ReadinessTests.debug.xcconfig"; sourceTree = "<group>"; };
		A77581695DF5F013DE06C7F6 /* Pods_Challenge_Job_Readiness.framework */ = {isa = PBXFileReference; explicitFileType = wrapper.framework; includeInIndex = 0; path = Pods_Challenge_Job_Readiness.framework; sourceTree = BUILT_PRODUCTS_DIR; };
		E06FD73272116C19F269A68F /* Pods_Challenge_Job_Readiness_Challenge_Job_ReadinessUITests.framework */ = {isa = PBXFileReference; explicitFileType = wrapper.framework; includeInIndex = 0; path = Pods_Challenge_Job_Readiness_Challenge_Job_ReadinessUITests.framework; sourceTree = BUILT_PRODUCTS_DIR; };
		F41FB444628864B44D755CDD /* Pods-Challenge-Job-Readiness-Challenge-Job-ReadinessUITests.debug.xcconfig */ = {isa = PBXFileReference; includeInIndex = 1; lastKnownFileType = text.xcconfig; name = "Pods-Challenge-Job-Readiness-Challenge-Job-ReadinessUITests.debug.xcconfig"; path = "Target Support Files/Pods-Challenge-Job-Readiness-Challenge-Job-ReadinessUITests/Pods-Challenge-Job-Readiness-Challenge-Job-ReadinessUITests.debug.xcconfig"; sourceTree = "<group>"; };
/* End PBXFileReference section */

/* Begin PBXFrameworksBuildPhase section */
		1FAE14CF28CF9B340046933F /* Frameworks */ = {
			isa = PBXFrameworksBuildPhase;
			buildActionMask = 2147483647;
			files = (
				BCF36A3528570C8E718750CB /* Pods_Challenge_Job_Readiness.framework in Frameworks */,
			);
			runOnlyForDeploymentPostprocessing = 0;
		};
		1FAE14E528CF9B350046933F /* Frameworks */ = {
			isa = PBXFrameworksBuildPhase;
			buildActionMask = 2147483647;
			files = (
				31800E12151203A57F16C5D1 /* Pods_Challenge_Job_ReadinessTests.framework in Frameworks */,
			);
			runOnlyForDeploymentPostprocessing = 0;
		};
		1FAE14EF28CF9B350046933F /* Frameworks */ = {
			isa = PBXFrameworksBuildPhase;
			buildActionMask = 2147483647;
			files = (
				5D810AD3F0115A9FCEEAD1F1 /* Pods_Challenge_Job_Readiness_Challenge_Job_ReadinessUITests.framework in Frameworks */,
			);
			runOnlyForDeploymentPostprocessing = 0;
		};
/* End PBXFrameworksBuildPhase section */

/* Begin PBXGroup section */
		1F2EDF3B28D21C95002DC33C /* Dtos */ = {
			isa = PBXGroup;
			children = (
				1FBB245C28D101E6008AEA1D /* oauthToken.swift */,
				1FBB245E28D10962008AEA1D /* domain_dicovery.swift */,
				1FBB246028D1171F008AEA1D /* category.swift */,
				1F376FCC28DA50CA00183145 /* multiget.swift */,
			);
			path = Dtos;
			sourceTree = "<group>";
		};
		1F376FCE28DAA65900183145 /* ViewModel */ = {
			isa = PBXGroup;
			children = (
				1F376FCF28DAA67600183145 /* SearchViewModel.swift */,
			);
			path = ViewModel;
			sourceTree = "<group>";
		};
		1F8A35C828D4A6BF00D4B488 /* Frameworks */ = {
			isa = PBXGroup;
			children = (
			);
			path = Frameworks;
			sourceTree = "<group>";
		};
		1FAE14C928CF9B340046933F = {
			isa = PBXGroup;
			children = (
				1FAE14D428CF9B340046933F /* Challenge-Job-Readiness */,
				1FAE14EB28CF9B350046933F /* Challenge-Job-ReadinessTests */,
				1FAE14F528CF9B350046933F /* Challenge-Job-ReadinessUITests */,
				57906F965F10B692FBA697D4 /* Frameworks */,
				5D9917C35A78AD9A70F40B1B /* Pods */,
				1FAE14D328CF9B340046933F /* Products */,
			);
			sourceTree = "<group>";
		};
		1FAE14D328CF9B340046933F /* Products */ = {
			isa = PBXGroup;
			children = (
				1FAE14D228CF9B340046933F /* Challenge-Job-Readiness.app */,
				1FAE14E828CF9B350046933F /* Challenge-Job-ReadinessTests.xctest */,
				1FAE14F228CF9B350046933F /* Challenge-Job-ReadinessUITests.xctest */,
			);
			name = Products;
			sourceTree = "<group>";
		};
		1FAE14D428CF9B340046933F /* Challenge-Job-Readiness */ = {
			isa = PBXGroup;
			children = (
				1F8A35C828D4A6BF00D4B488 /* Frameworks */,
				1FC617A028CFC5750068A0AD /* Shared */,
				1FC6179B28CFADDF0068A0AD /* Models */,
				1FC6179A28CFADD30068A0AD /* Services */,
				1FC6179728CFA5580068A0AD /* Modules */,
				1FAE14D528CF9B340046933F /* AppDelegate.swift */,
				1FAE14D728CF9B340046933F /* SceneDelegate.swift */,
				1FAE14D928CF9B340046933F /* ViewController.swift */,
				1FAE14DE28CF9B350046933F /* Assets.xcassets */,
				1FAE14E028CF9B350046933F /* LaunchScreen.storyboard */,
				1FAE14E328CF9B350046933F /* Info.plist */,
			);
			path = "Challenge-Job-Readiness";
			sourceTree = "<group>";
		};
		1FAE14EB28CF9B350046933F /* Challenge-Job-ReadinessTests */ = {
			isa = PBXGroup;
			children = (
				1FAE14EC28CF9B350046933F /* Challenge_Job_ReadinessTests.swift */,
			);
			path = "Challenge-Job-ReadinessTests";
			sourceTree = "<group>";
		};
		1FAE14F528CF9B350046933F /* Challenge-Job-ReadinessUITests */ = {
			isa = PBXGroup;
			children = (
				1FAE14F628CF9B350046933F /* Challenge_Job_ReadinessUITests.swift */,
				1FAE14F828CF9B350046933F /* Challenge_Job_ReadinessUITestsLaunchTests.swift */,
			);
			path = "Challenge-Job-ReadinessUITests";
			sourceTree = "<group>";
		};
		1FBB245928D0ED67008AEA1D /* Extension */ = {
			isa = PBXGroup;
			children = (
				1FBB245A28D0ED8B008AEA1D /* UIColorExtension.swift */,
				1F376FC828D9ED8700183145 /* StringExtension.swift */,
				1F376FCA28DA119A00183145 /* UIImageViewExtension.swift */,
			);
			path = Extension;
			sourceTree = "<group>";
		};
		1FC6179728CFA5580068A0AD /* Modules */ = {
			isa = PBXGroup;
			children = (
				1F376FCE28DAA65900183145 /* ViewModel */,
				1FC6179828CFA5760068A0AD /* SearchViewController.swift */,
				1F8A35D428D4C01D00D4B488 /* ProductTableViewCell.swift */,
			);
			path = Modules;
			sourceTree = "<group>";
		};
		1FC6179A28CFADD30068A0AD /* Services */ = {
			isa = PBXGroup;
			children = (
				1FC6179C28CFB0330068A0AD /* SearchService.swift */,
				1FC6179E28CFBE570068A0AD /* RestClient.swift */,
			);
			path = Services;
			sourceTree = "<group>";
		};
		1FC6179B28CFADDF0068A0AD /* Models */ = {
			isa = PBXGroup;
			children = (
				1F2EDF3B28D21C95002DC33C /* Dtos */,
				1F8A35D028D4A94700D4B488 /* Product.swift */,
			);
			path = Models;
			sourceTree = "<group>";
		};
		1FC617A028CFC5750068A0AD /* Shared */ = {
			isa = PBXGroup;
			children = (
				1FBB245928D0ED67008AEA1D /* Extension */,
			);
			path = Shared;
			sourceTree = "<group>";
		};
		57906F965F10B692FBA697D4 /* Frameworks */ = {
			isa = PBXGroup;
			children = (
				A77581695DF5F013DE06C7F6 /* Pods_Challenge_Job_Readiness.framework */,
				E06FD73272116C19F269A68F /* Pods_Challenge_Job_Readiness_Challenge_Job_ReadinessUITests.framework */,
				46F7A579A3F3B3F376A3F51E /* Pods_Challenge_Job_ReadinessTests.framework */,
			);
			name = Frameworks;
			sourceTree = "<group>";
		};
		5D9917C35A78AD9A70F40B1B /* Pods */ = {
			isa = PBXGroup;
			children = (
				91CE4A2AAB3214918D83637D /* Pods-Challenge-Job-Readiness.debug.xcconfig */,
				7696677E482AD311FF0BE09E /* Pods-Challenge-Job-Readiness.release.xcconfig */,
				F41FB444628864B44D755CDD /* Pods-Challenge-Job-Readiness-Challenge-Job-ReadinessUITests.debug.xcconfig */,
				1638D70E89CF3E2231A23565 /* Pods-Challenge-Job-Readiness-Challenge-Job-ReadinessUITests.release.xcconfig */,
				9A120685AB8EB7FCDAB8517A /* Pods-Challenge-Job-ReadinessTests.debug.xcconfig */,
				2F5B5965B4AA4D8EAFA4BC9B /* Pods-Challenge-Job-ReadinessTests.release.xcconfig */,
			);
			path = Pods;
			sourceTree = "<group>";
		};
/* End PBXGroup section */

/* Begin PBXNativeTarget section */
		1FAE14D128CF9B340046933F /* Challenge-Job-Readiness */ = {
			isa = PBXNativeTarget;
			buildConfigurationList = 1FAE14FC28CF9B350046933F /* Build configuration list for PBXNativeTarget "Challenge-Job-Readiness" */;
			buildPhases = (
				725A3EC95AA432AD75E1C5EB /* [CP] Check Pods Manifest.lock */,
				1FAE14CE28CF9B340046933F /* Sources */,
				1FAE14CF28CF9B340046933F /* Frameworks */,
				1FAE14D028CF9B340046933F /* Resources */,
				39F74B22F47EDD1E922A29AA /* [CP] Embed Pods Frameworks */,
			);
			buildRules = (
			);
			dependencies = (
			);
			name = "Challenge-Job-Readiness";
			productName = "Challenge-Job-Readiness";
			productReference = 1FAE14D228CF9B340046933F /* Challenge-Job-Readiness.app */;
			productType = "com.apple.product-type.application";
		};
		1FAE14E728CF9B350046933F /* Challenge-Job-ReadinessTests */ = {
			isa = PBXNativeTarget;
			buildConfigurationList = 1FAE14FF28CF9B350046933F /* Build configuration list for PBXNativeTarget "Challenge-Job-ReadinessTests" */;
			buildPhases = (
				6A48BE5B25BBFE5EB15A5DE5 /* [CP] Check Pods Manifest.lock */,
				1FAE14E428CF9B350046933F /* Sources */,
				1FAE14E528CF9B350046933F /* Frameworks */,
				1FAE14E628CF9B350046933F /* Resources */,
			);
			buildRules = (
			);
			dependencies = (
				1FAE14EA28CF9B350046933F /* PBXTargetDependency */,
			);
			name = "Challenge-Job-ReadinessTests";
			productName = "Challenge-Job-ReadinessTests";
			productReference = 1FAE14E828CF9B350046933F /* Challenge-Job-ReadinessTests.xctest */;
			productType = "com.apple.product-type.bundle.unit-test";
		};
		1FAE14F128CF9B350046933F /* Challenge-Job-ReadinessUITests */ = {
			isa = PBXNativeTarget;
			buildConfigurationList = 1FAE150228CF9B350046933F /* Build configuration list for PBXNativeTarget "Challenge-Job-ReadinessUITests" */;
			buildPhases = (
				CB7A9C768F1B3329DDE86591 /* [CP] Check Pods Manifest.lock */,
				1FAE14EE28CF9B350046933F /* Sources */,
				1FAE14EF28CF9B350046933F /* Frameworks */,
				1FAE14F028CF9B350046933F /* Resources */,
				791E0837D41ACC2C18E110D6 /* [CP] Embed Pods Frameworks */,
			);
			buildRules = (
			);
			dependencies = (
				1FAE14F428CF9B350046933F /* PBXTargetDependency */,
			);
			name = "Challenge-Job-ReadinessUITests";
			productName = "Challenge-Job-ReadinessUITests";
			productReference = 1FAE14F228CF9B350046933F /* Challenge-Job-ReadinessUITests.xctest */;
			productType = "com.apple.product-type.bundle.ui-testing";
		};
/* End PBXNativeTarget section */

/* Begin PBXProject section */
		1FAE14CA28CF9B340046933F /* Project object */ = {
			isa = PBXProject;
			attributes = {
				BuildIndependentTargetsInParallel = 1;
				LastSwiftUpdateCheck = 1340;
				LastUpgradeCheck = 1340;
				TargetAttributes = {
					1FAE14D128CF9B340046933F = {
						CreatedOnToolsVersion = 13.4.1;
					};
					1FAE14E728CF9B350046933F = {
						CreatedOnToolsVersion = 13.4.1;
						TestTargetID = 1FAE14D128CF9B340046933F;
					};
					1FAE14F128CF9B350046933F = {
						CreatedOnToolsVersion = 13.4.1;
						TestTargetID = 1FAE14D128CF9B340046933F;
					};
				};
			};
			buildConfigurationList = 1FAE14CD28CF9B340046933F /* Build configuration list for PBXProject "Challenge-Job-Readiness" */;
			compatibilityVersion = "Xcode 13.0";
			developmentRegion = en;
			hasScannedForEncodings = 0;
			knownRegions = (
				en,
				Base,
			);
			mainGroup = 1FAE14C928CF9B340046933F;
			productRefGroup = 1FAE14D328CF9B340046933F /* Products */;
			projectDirPath = "";
			projectRoot = "";
			targets = (
				1FAE14D128CF9B340046933F /* Challenge-Job-Readiness */,
				1FAE14E728CF9B350046933F /* Challenge-Job-ReadinessTests */,
				1FAE14F128CF9B350046933F /* Challenge-Job-ReadinessUITests */,
			);
		};
/* End PBXProject section */

/* Begin PBXResourcesBuildPhase section */
		1FAE14D028CF9B340046933F /* Resources */ = {
			isa = PBXResourcesBuildPhase;
			buildActionMask = 2147483647;
			files = (
				1FAE14E228CF9B350046933F /* LaunchScreen.storyboard in Resources */,
				1FAE14DF28CF9B350046933F /* Assets.xcassets in Resources */,
			);
			runOnlyForDeploymentPostprocessing = 0;
		};
		1FAE14E628CF9B350046933F /* Resources */ = {
			isa = PBXResourcesBuildPhase;
			buildActionMask = 2147483647;
			files = (
			);
			runOnlyForDeploymentPostprocessing = 0;
		};
		1FAE14F028CF9B350046933F /* Resources */ = {
			isa = PBXResourcesBuildPhase;
			buildActionMask = 2147483647;
			files = (
			);
			runOnlyForDeploymentPostprocessing = 0;
		};
/* End PBXResourcesBuildPhase section */

/* Begin PBXShellScriptBuildPhase section */
		39F74B22F47EDD1E922A29AA /* [CP] Embed Pods Frameworks */ = {
			isa = PBXShellScriptBuildPhase;
			buildActionMask = 2147483647;
			files = (
			);
			inputFileListPaths = (
				"${PODS_ROOT}/Target Support Files/Pods-Challenge-Job-Readiness/Pods-Challenge-Job-Readiness-frameworks-${CONFIGURATION}-input-files.xcfilelist",
			);
			name = "[CP] Embed Pods Frameworks";
			outputFileListPaths = (
				"${PODS_ROOT}/Target Support Files/Pods-Challenge-Job-Readiness/Pods-Challenge-Job-Readiness-frameworks-${CONFIGURATION}-output-files.xcfilelist",
			);
			runOnlyForDeploymentPostprocessing = 0;
			shellPath = /bin/sh;
			shellScript = "\"${PODS_ROOT}/Target Support Files/Pods-Challenge-Job-Readiness/Pods-Challenge-Job-Readiness-frameworks.sh\"\n";
			showEnvVarsInLog = 0;
		};
		6A48BE5B25BBFE5EB15A5DE5 /* [CP] Check Pods Manifest.lock */ = {
			isa = PBXShellScriptBuildPhase;
			buildActionMask = 2147483647;
			files = (
			);
			inputFileListPaths = (
			);
			inputPaths = (
				"${PODS_PODFILE_DIR_PATH}/Podfile.lock",
				"${PODS_ROOT}/Manifest.lock",
			);
			name = "[CP] Check Pods Manifest.lock";
			outputFileListPaths = (
			);
			outputPaths = (
				"$(DERIVED_FILE_DIR)/Pods-Challenge-Job-ReadinessTests-checkManifestLockResult.txt",
			);
			runOnlyForDeploymentPostprocessing = 0;
			shellPath = /bin/sh;
			shellScript = "diff \"${PODS_PODFILE_DIR_PATH}/Podfile.lock\" \"${PODS_ROOT}/Manifest.lock\" > /dev/null\nif [ $? != 0 ] ; then\n    # print error to STDERR\n    echo \"error: The sandbox is not in sync with the Podfile.lock. Run 'pod install' or update your CocoaPods installation.\" >&2\n    exit 1\nfi\n# This output is used by Xcode 'outputs' to avoid re-running this script phase.\necho \"SUCCESS\" > \"${SCRIPT_OUTPUT_FILE_0}\"\n";
			showEnvVarsInLog = 0;
		};
		725A3EC95AA432AD75E1C5EB /* [CP] Check Pods Manifest.lock */ = {
			isa = PBXShellScriptBuildPhase;
			buildActionMask = 2147483647;
			files = (
			);
			inputFileListPaths = (
			);
			inputPaths = (
				"${PODS_PODFILE_DIR_PATH}/Podfile.lock",
				"${PODS_ROOT}/Manifest.lock",
			);
			name = "[CP] Check Pods Manifest.lock";
			outputFileListPaths = (
			);
			outputPaths = (
				"$(DERIVED_FILE_DIR)/Pods-Challenge-Job-Readiness-checkManifestLockResult.txt",
			);
			runOnlyForDeploymentPostprocessing = 0;
			shellPath = /bin/sh;
			shellScript = "diff \"${PODS_PODFILE_DIR_PATH}/Podfile.lock\" \"${PODS_ROOT}/Manifest.lock\" > /dev/null\nif [ $? != 0 ] ; then\n    # print error to STDERR\n    echo \"error: The sandbox is not in sync with the Podfile.lock. Run 'pod install' or update your CocoaPods installation.\" >&2\n    exit 1\nfi\n# This output is used by Xcode 'outputs' to avoid re-running this script phase.\necho \"SUCCESS\" > \"${SCRIPT_OUTPUT_FILE_0}\"\n";
			showEnvVarsInLog = 0;
		};
		791E0837D41ACC2C18E110D6 /* [CP] Embed Pods Frameworks */ = {
			isa = PBXShellScriptBuildPhase;
			buildActionMask = 2147483647;
			files = (
			);
			inputFileListPaths = (
				"${PODS_ROOT}/Target Support Files/Pods-Challenge-Job-Readiness-Challenge-Job-ReadinessUITests/Pods-Challenge-Job-Readiness-Challenge-Job-ReadinessUITests-frameworks-${CONFIGURATION}-input-files.xcfilelist",
			);
			name = "[CP] Embed Pods Frameworks";
			outputFileListPaths = (
				"${PODS_ROOT}/Target Support Files/Pods-Challenge-Job-Readiness-Challenge-Job-ReadinessUITests/Pods-Challenge-Job-Readiness-Challenge-Job-ReadinessUITests-frameworks-${CONFIGURATION}-output-files.xcfilelist",
			);
			runOnlyForDeploymentPostprocessing = 0;
			shellPath = /bin/sh;
			shellScript = "\"${PODS_ROOT}/Target Support Files/Pods-Challenge-Job-Readiness-Challenge-Job-ReadinessUITests/Pods-Challenge-Job-Readiness-Challenge-Job-ReadinessUITests-frameworks.sh\"\n";
			showEnvVarsInLog = 0;
		};
		CB7A9C768F1B3329DDE86591 /* [CP] Check Pods Manifest.lock */ = {
			isa = PBXShellScriptBuildPhase;
			buildActionMask = 2147483647;
			files = (
			);
			inputFileListPaths = (
			);
			inputPaths = (
				"${PODS_PODFILE_DIR_PATH}/Podfile.lock",
				"${PODS_ROOT}/Manifest.lock",
			);
			name = "[CP] Check Pods Manifest.lock";
			outputFileListPaths = (
			);
			outputPaths = (
				"$(DERIVED_FILE_DIR)/Pods-Challenge-Job-Readiness-Challenge-Job-ReadinessUITests-checkManifestLockResult.txt",
			);
			runOnlyForDeploymentPostprocessing = 0;
			shellPath = /bin/sh;
			shellScript = "diff \"${PODS_PODFILE_DIR_PATH}/Podfile.lock\" \"${PODS_ROOT}/Manifest.lock\" > /dev/null\nif [ $? != 0 ] ; then\n    # print error to STDERR\n    echo \"error: The sandbox is not in sync with the Podfile.lock. Run 'pod install' or update your CocoaPods installation.\" >&2\n    exit 1\nfi\n# This output is used by Xcode 'outputs' to avoid re-running this script phase.\necho \"SUCCESS\" > \"${SCRIPT_OUTPUT_FILE_0}\"\n";
			showEnvVarsInLog = 0;
		};
/* End PBXShellScriptBuildPhase section */

/* Begin PBXSourcesBuildPhase section */
		1FAE14CE28CF9B340046933F /* Sources */ = {
			isa = PBXSourcesBuildPhase;
			buildActionMask = 2147483647;
			files = (
				1FBB246128D1171F008AEA1D /* category.swift in Sources */,
				1F8A35D128D4A94700D4B488 /* Product.swift in Sources */,
				1F376FD028DAA67600183145 /* SearchViewModel.swift in Sources */,
				1F8A35D528D4C01D00D4B488 /* ProductTableViewCell.swift in Sources */,
				1F376FCD28DA50CA00183145 /* multiget.swift in Sources */,
				1FAE14DA28CF9B340046933F /* ViewController.swift in Sources */,
				1F376FCB28DA119A00183145 /* UIImageViewExtension.swift in Sources */,
				1FAE14D628CF9B340046933F /* AppDelegate.swift in Sources */,
				1FBB245B28D0ED8B008AEA1D /* UIColorExtension.swift in Sources */,
				1FC6179D28CFB0330068A0AD /* SearchService.swift in Sources */,
				1F376FC928D9ED8700183145 /* StringExtension.swift in Sources */,
				1FAE14D828CF9B340046933F /* SceneDelegate.swift in Sources */,
				1FBB245D28D101E6008AEA1D /* oauthToken.swift in Sources */,
				1FC6179F28CFBE570068A0AD /* RestClient.swift in Sources */,
				1FBB245F28D10962008AEA1D /* domain_dicovery.swift in Sources */,
				1FC6179928CFA5760068A0AD /* SearchViewController.swift in Sources */,
			);
			runOnlyForDeploymentPostprocessing = 0;
		};
		1FAE14E428CF9B350046933F /* Sources */ = {
			isa = PBXSourcesBuildPhase;
			buildActionMask = 2147483647;
			files = (
				1FAE14ED28CF9B350046933F /* Challenge_Job_ReadinessTests.swift in Sources */,
			);
			runOnlyForDeploymentPostprocessing = 0;
		};
		1FAE14EE28CF9B350046933F /* Sources */ = {
			isa = PBXSourcesBuildPhase;
			buildActionMask = 2147483647;
			files = (
				1FAE14F728CF9B350046933F /* Challenge_Job_ReadinessUITests.swift in Sources */,
				1FAE14F928CF9B350046933F /* Challenge_Job_ReadinessUITestsLaunchTests.swift in Sources */,
			);
			runOnlyForDeploymentPostprocessing = 0;
		};
/* End PBXSourcesBuildPhase section */

/* Begin PBXTargetDependency section */
		1FAE14EA28CF9B350046933F /* PBXTargetDependency */ = {
			isa = PBXTargetDependency;
			target = 1FAE14D128CF9B340046933F /* Challenge-Job-Readiness */;
			targetProxy = 1FAE14E928CF9B350046933F /* PBXContainerItemProxy */;
		};
		1FAE14F428CF9B350046933F /* PBXTargetDependency */ = {
			isa = PBXTargetDependency;
			target = 1FAE14D128CF9B340046933F /* Challenge-Job-Readiness */;
			targetProxy = 1FAE14F328CF9B350046933F /* PBXContainerItemProxy */;
		};
/* End PBXTargetDependency section */

/* Begin PBXVariantGroup section */
		1FAE14E028CF9B350046933F /* LaunchScreen.storyboard */ = {
			isa = PBXVariantGroup;
			children = (
				1FAE14E128CF9B350046933F /* Base */,
			);
			name = LaunchScreen.storyboard;
			sourceTree = "<group>";
		};
/* End PBXVariantGroup section */

/* Begin XCBuildConfiguration section */
		1FAE14FA28CF9B350046933F /* Debug */ = {
			isa = XCBuildConfiguration;
			buildSettings = {
				ALWAYS_SEARCH_USER_PATHS = NO;
				CLANG_ANALYZER_NONNULL = YES;
				CLANG_ANALYZER_NUMBER_OBJECT_CONVERSION = YES_AGGRESSIVE;
				CLANG_CXX_LANGUAGE_STANDARD = "gnu++17";
				CLANG_ENABLE_MODULES = YES;
				CLANG_ENABLE_OBJC_ARC = YES;
				CLANG_ENABLE_OBJC_WEAK = YES;
				CLANG_WARN_BLOCK_CAPTURE_AUTORELEASING = YES;
				CLANG_WARN_BOOL_CONVERSION = YES;
				CLANG_WARN_COMMA = YES;
				CLANG_WARN_CONSTANT_CONVERSION = YES;
				CLANG_WARN_DEPRECATED_OBJC_IMPLEMENTATIONS = YES;
				CLANG_WARN_DIRECT_OBJC_ISA_USAGE = YES_ERROR;
				CLANG_WARN_DOCUMENTATION_COMMENTS = YES;
				CLANG_WARN_EMPTY_BODY = YES;
				CLANG_WARN_ENUM_CONVERSION = YES;
				CLANG_WARN_INFINITE_RECURSION = YES;
				CLANG_WARN_INT_CONVERSION = YES;
				CLANG_WARN_NON_LITERAL_NULL_CONVERSION = YES;
				CLANG_WARN_OBJC_IMPLICIT_RETAIN_SELF = YES;
				CLANG_WARN_OBJC_LITERAL_CONVERSION = YES;
				CLANG_WARN_OBJC_ROOT_CLASS = YES_ERROR;
				CLANG_WARN_QUOTED_INCLUDE_IN_FRAMEWORK_HEADER = YES;
				CLANG_WARN_RANGE_LOOP_ANALYSIS = YES;
				CLANG_WARN_STRICT_PROTOTYPES = YES;
				CLANG_WARN_SUSPICIOUS_MOVE = YES;
				CLANG_WARN_UNGUARDED_AVAILABILITY = YES_AGGRESSIVE;
				CLANG_WARN_UNREACHABLE_CODE = YES;
				CLANG_WARN__DUPLICATE_METHOD_MATCH = YES;
				COPY_PHASE_STRIP = NO;
				DEBUG_INFORMATION_FORMAT = dwarf;
				ENABLE_STRICT_OBJC_MSGSEND = YES;
				ENABLE_TESTABILITY = YES;
				GCC_C_LANGUAGE_STANDARD = gnu11;
				GCC_DYNAMIC_NO_PIC = NO;
				GCC_NO_COMMON_BLOCKS = YES;
				GCC_OPTIMIZATION_LEVEL = 0;
				GCC_PREPROCESSOR_DEFINITIONS = (
					"DEBUG=1",
					"$(inherited)",
				);
				GCC_WARN_64_TO_32_BIT_CONVERSION = YES;
				GCC_WARN_ABOUT_RETURN_TYPE = YES_ERROR;
				GCC_WARN_UNDECLARED_SELECTOR = YES;
				GCC_WARN_UNINITIALIZED_AUTOS = YES_AGGRESSIVE;
				GCC_WARN_UNUSED_FUNCTION = YES;
				GCC_WARN_UNUSED_VARIABLE = YES;
				IPHONEOS_DEPLOYMENT_TARGET = 15.5;
				MTL_ENABLE_DEBUG_INFO = INCLUDE_SOURCE;
				MTL_FAST_MATH = YES;
				ONLY_ACTIVE_ARCH = YES;
				SDKROOT = iphoneos;
				SWIFT_ACTIVE_COMPILATION_CONDITIONS = DEBUG;
				SWIFT_OPTIMIZATION_LEVEL = "-Onone";
			};
			name = Debug;
		};
		1FAE14FB28CF9B350046933F /* Release */ = {
			isa = XCBuildConfiguration;
			buildSettings = {
				ALWAYS_SEARCH_USER_PATHS = NO;
				CLANG_ANALYZER_NONNULL = YES;
				CLANG_ANALYZER_NUMBER_OBJECT_CONVERSION = YES_AGGRESSIVE;
				CLANG_CXX_LANGUAGE_STANDARD = "gnu++17";
				CLANG_ENABLE_MODULES = YES;
				CLANG_ENABLE_OBJC_ARC = YES;
				CLANG_ENABLE_OBJC_WEAK = YES;
				CLANG_WARN_BLOCK_CAPTURE_AUTORELEASING = YES;
				CLANG_WARN_BOOL_CONVERSION = YES;
				CLANG_WARN_COMMA = YES;
				CLANG_WARN_CONSTANT_CONVERSION = YES;
				CLANG_WARN_DEPRECATED_OBJC_IMPLEMENTATIONS = YES;
				CLANG_WARN_DIRECT_OBJC_ISA_USAGE = YES_ERROR;
				CLANG_WARN_DOCUMENTATION_COMMENTS = YES;
				CLANG_WARN_EMPTY_BODY = YES;
				CLANG_WARN_ENUM_CONVERSION = YES;
				CLANG_WARN_INFINITE_RECURSION = YES;
				CLANG_WARN_INT_CONVERSION = YES;
				CLANG_WARN_NON_LITERAL_NULL_CONVERSION = YES;
				CLANG_WARN_OBJC_IMPLICIT_RETAIN_SELF = YES;
				CLANG_WARN_OBJC_LITERAL_CONVERSION = YES;
				CLANG_WARN_OBJC_ROOT_CLASS = YES_ERROR;
				CLANG_WARN_QUOTED_INCLUDE_IN_FRAMEWORK_HEADER = YES;
				CLANG_WARN_RANGE_LOOP_ANALYSIS = YES;
				CLANG_WARN_STRICT_PROTOTYPES = YES;
				CLANG_WARN_SUSPICIOUS_MOVE = YES;
				CLANG_WARN_UNGUARDED_AVAILABILITY = YES_AGGRESSIVE;
				CLANG_WARN_UNREACHABLE_CODE = YES;
				CLANG_WARN__DUPLICATE_METHOD_MATCH = YES;
				COPY_PHASE_STRIP = NO;
				DEBUG_INFORMATION_FORMAT = "dwarf-with-dsym";
				ENABLE_NS_ASSERTIONS = NO;
				ENABLE_STRICT_OBJC_MSGSEND = YES;
				GCC_C_LANGUAGE_STANDARD = gnu11;
				GCC_NO_COMMON_BLOCKS = YES;
				GCC_WARN_64_TO_32_BIT_CONVERSION = YES;
				GCC_WARN_ABOUT_RETURN_TYPE = YES_ERROR;
				GCC_WARN_UNDECLARED_SELECTOR = YES;
				GCC_WARN_UNINITIALIZED_AUTOS = YES_AGGRESSIVE;
				GCC_WARN_UNUSED_FUNCTION = YES;
				GCC_WARN_UNUSED_VARIABLE = YES;
				IPHONEOS_DEPLOYMENT_TARGET = 15.5;
				MTL_ENABLE_DEBUG_INFO = NO;
				MTL_FAST_MATH = YES;
				SDKROOT = iphoneos;
				SWIFT_COMPILATION_MODE = wholemodule;
				SWIFT_OPTIMIZATION_LEVEL = "-O";
				VALIDATE_PRODUCT = YES;
			};
			name = Release;
		};
		1FAE14FD28CF9B350046933F /* Debug */ = {
			isa = XCBuildConfiguration;
			baseConfigurationReference = 91CE4A2AAB3214918D83637D /* Pods-Challenge-Job-Readiness.debug.xcconfig */;
			buildSettings = {
				ASSETCATALOG_COMPILER_APPICON_NAME = AppIcon;
				ASSETCATALOG_COMPILER_GLOBAL_ACCENT_COLOR_NAME = AccentColor;
				CODE_SIGN_STYLE = Automatic;
				CURRENT_PROJECT_VERSION = 1;
				DEVELOPMENT_TEAM = 8UML3CU34T;
				GENERATE_INFOPLIST_FILE = YES;
				INFOPLIST_FILE = "Challenge-Job-Readiness/Info.plist";
				INFOPLIST_KEY_UIApplicationSupportsIndirectInputEvents = YES;
				INFOPLIST_KEY_UILaunchStoryboardName = LaunchScreen;
				INFOPLIST_KEY_UISupportedInterfaceOrientations_iPad = "UIInterfaceOrientationPortrait UIInterfaceOrientationPortraitUpsideDown UIInterfaceOrientationLandscapeLeft UIInterfaceOrientationLandscapeRight";
				INFOPLIST_KEY_UISupportedInterfaceOrientations_iPhone = "UIInterfaceOrientationPortrait UIInterfaceOrientationLandscapeLeft UIInterfaceOrientationLandscapeRight";
				LD_RUNPATH_SEARCH_PATHS = (
					"$(inherited)",
					"@executable_path/Frameworks",
				);
				MARKETING_VERSION = 1.0;
				PRODUCT_BUNDLE_IDENTIFIER = "Alkemy.Challenge-Job-Readiness";
				PRODUCT_NAME = "$(TARGET_NAME)";
				SWIFT_EMIT_LOC_STRINGS = YES;
				SWIFT_VERSION = 5.0;
				TARGETED_DEVICE_FAMILY = "1,2";
			};
			name = Debug;
		};
		1FAE14FE28CF9B350046933F /* Release */ = {
			isa = XCBuildConfiguration;
			baseConfigurationReference = 7696677E482AD311FF0BE09E /* Pods-Challenge-Job-Readiness.release.xcconfig */;
			buildSettings = {
				ASSETCATALOG_COMPILER_APPICON_NAME = AppIcon;
				ASSETCATALOG_COMPILER_GLOBAL_ACCENT_COLOR_NAME = AccentColor;
				CODE_SIGN_STYLE = Automatic;
				CURRENT_PROJECT_VERSION = 1;
				DEVELOPMENT_TEAM = 8UML3CU34T;
				GENERATE_INFOPLIST_FILE = YES;
				INFOPLIST_FILE = "Challenge-Job-Readiness/Info.plist";
				INFOPLIST_KEY_UIApplicationSupportsIndirectInputEvents = YES;
				INFOPLIST_KEY_UILaunchStoryboardName = LaunchScreen;
				INFOPLIST_KEY_UISupportedInterfaceOrientations_iPad = "UIInterfaceOrientationPortrait UIInterfaceOrientationPortraitUpsideDown UIInterfaceOrientationLandscapeLeft UIInterfaceOrientationLandscapeRight";
				INFOPLIST_KEY_UISupportedInterfaceOrientations_iPhone = "UIInterfaceOrientationPortrait UIInterfaceOrientationLandscapeLeft UIInterfaceOrientationLandscapeRight";
				LD_RUNPATH_SEARCH_PATHS = (
					"$(inherited)",
					"@executable_path/Frameworks",
				);
				MARKETING_VERSION = 1.0;
				PRODUCT_BUNDLE_IDENTIFIER = "Alkemy.Challenge-Job-Readiness";
				PRODUCT_NAME = "$(TARGET_NAME)";
				SWIFT_EMIT_LOC_STRINGS = YES;
				SWIFT_VERSION = 5.0;
				TARGETED_DEVICE_FAMILY = "1,2";
			};
			name = Release;
		};
		1FAE150028CF9B350046933F /* Debug */ = {
			isa = XCBuildConfiguration;
			baseConfigurationReference = 9A120685AB8EB7FCDAB8517A /* Pods-Challenge-Job-ReadinessTests.debug.xcconfig */;
			buildSettings = {
				ALWAYS_EMBED_SWIFT_STANDARD_LIBRARIES = YES;
				BUNDLE_LOADER = "$(TEST_HOST)";
				CODE_SIGN_STYLE = Automatic;
				CURRENT_PROJECT_VERSION = 1;
				DEVELOPMENT_TEAM = 8UML3CU34T;
				GENERATE_INFOPLIST_FILE = YES;
				IPHONEOS_DEPLOYMENT_TARGET = 15.5;
				MARKETING_VERSION = 1.0;
				PRODUCT_BUNDLE_IDENTIFIER = "Alkemy.Challenge-Job-ReadinessTests";
				PRODUCT_NAME = "$(TARGET_NAME)";
				SWIFT_EMIT_LOC_STRINGS = NO;
				SWIFT_VERSION = 5.0;
				TARGETED_DEVICE_FAMILY = "1,2";
				TEST_HOST = "$(BUILT_PRODUCTS_DIR)/Challenge-Job-Readiness.app/Challenge-Job-Readiness";
			};
			name = Debug;
		};
		1FAE150128CF9B350046933F /* Release */ = {
			isa = XCBuildConfiguration;
			baseConfigurationReference = 2F5B5965B4AA4D8EAFA4BC9B /* Pods-Challenge-Job-ReadinessTests.release.xcconfig */;
			buildSettings = {
				ALWAYS_EMBED_SWIFT_STANDARD_LIBRARIES = YES;
				BUNDLE_LOADER = "$(TEST_HOST)";
				CODE_SIGN_STYLE = Automatic;
				CURRENT_PROJECT_VERSION = 1;
				DEVELOPMENT_TEAM = 8UML3CU34T;
				GENERATE_INFOPLIST_FILE = YES;
				IPHONEOS_DEPLOYMENT_TARGET = 15.5;
				MARKETING_VERSION = 1.0;
				PRODUCT_BUNDLE_IDENTIFIER = "Alkemy.Challenge-Job-ReadinessTests";
				PRODUCT_NAME = "$(TARGET_NAME)";
				SWIFT_EMIT_LOC_STRINGS = NO;
				SWIFT_VERSION = 5.0;
				TARGETED_DEVICE_FAMILY = "1,2";
				TEST_HOST = "$(BUILT_PRODUCTS_DIR)/Challenge-Job-Readiness.app/Challenge-Job-Readiness";
			};
			name = Release;
		};
		1FAE150328CF9B350046933F /* Debug */ = {
			isa = XCBuildConfiguration;
			baseConfigurationReference = F41FB444628864B44D755CDD /* Pods-Challenge-Job-Readiness-Challenge-Job-ReadinessUITests.debug.xcconfig */;
			buildSettings = {
				ALWAYS_EMBED_SWIFT_STANDARD_LIBRARIES = YES;
				CODE_SIGN_STYLE = Automatic;
				CURRENT_PROJECT_VERSION = 1;
				DEVELOPMENT_TEAM = 8UML3CU34T;
				GENERATE_INFOPLIST_FILE = YES;
				MARKETING_VERSION = 1.0;
				PRODUCT_BUNDLE_IDENTIFIER = "Alkemy.Challenge-Job-ReadinessUITests";
				PRODUCT_NAME = "$(TARGET_NAME)";
				SWIFT_EMIT_LOC_STRINGS = NO;
				SWIFT_VERSION = 5.0;
				TARGETED_DEVICE_FAMILY = "1,2";
				TEST_TARGET_NAME = "Challenge-Job-Readiness";
			};
			name = Debug;
		};
		1FAE150428CF9B350046933F /* Release */ = {
			isa = XCBuildConfiguration;
			baseConfigurationReference = 1638D70E89CF3E2231A23565 /* Pods-Challenge-Job-Readiness-Challenge-Job-ReadinessUITests.release.xcconfig */;
			buildSettings = {
				ALWAYS_EMBED_SWIFT_STANDARD_LIBRARIES = YES;
				CODE_SIGN_STYLE = Automatic;
				CURRENT_PROJECT_VERSION = 1;
				DEVELOPMENT_TEAM = 8UML3CU34T;
				GENERATE_INFOPLIST_FILE = YES;
				MARKETING_VERSION = 1.0;
				PRODUCT_BUNDLE_IDENTIFIER = "Alkemy.Challenge-Job-ReadinessUITests";
				PRODUCT_NAME = "$(TARGET_NAME)";
				SWIFT_EMIT_LOC_STRINGS = NO;
				SWIFT_VERSION = 5.0;
				TARGETED_DEVICE_FAMILY = "1,2";
				TEST_TARGET_NAME = "Challenge-Job-Readiness";
			};
			name = Release;
		};
/* End XCBuildConfiguration section */

/* Begin XCConfigurationList section */
		1FAE14CD28CF9B340046933F /* Build configuration list for PBXProject "Challenge-Job-Readiness" */ = {
			isa = XCConfigurationList;
			buildConfigurations = (
				1FAE14FA28CF9B350046933F /* Debug */,
				1FAE14FB28CF9B350046933F /* Release */,
			);
			defaultConfigurationIsVisible = 0;
			defaultConfigurationName = Release;
		};
		1FAE14FC28CF9B350046933F /* Build configuration list for PBXNativeTarget "Challenge-Job-Readiness" */ = {
			isa = XCConfigurationList;
			buildConfigurations = (
				1FAE14FD28CF9B350046933F /* Debug */,
				1FAE14FE28CF9B350046933F /* Release */,
			);
			defaultConfigurationIsVisible = 0;
			defaultConfigurationName = Release;
		};
		1FAE14FF28CF9B350046933F /* Build configuration list for PBXNativeTarget "Challenge-Job-ReadinessTests" */ = {
			isa = XCConfigurationList;
			buildConfigurations = (
				1FAE150028CF9B350046933F /* Debug */,
				1FAE150128CF9B350046933F /* Release */,
			);
			defaultConfigurationIsVisible = 0;
			defaultConfigurationName = Release;
		};
		1FAE150228CF9B350046933F /* Build configuration list for PBXNativeTarget "Challenge-Job-ReadinessUITests" */ = {
			isa = XCConfigurationList;
			buildConfigurations = (
				1FAE150328CF9B350046933F /* Debug */,
				1FAE150428CF9B350046933F /* Release */,
			);
			defaultConfigurationIsVisible = 0;
			defaultConfigurationName = Release;
		};
/* End XCConfigurationList section */
	};
	rootObject = 1FAE14CA28CF9B340046933F /* Project object */;
}
